
Microsoft Visual Studio Solution File, Format Version 12.00
Project("{2150E333-8FDC-42A3-9474-1A3956D46DE8}") = "src", "src", "{08499CC9-E78A-4D33-AD83-EBF4825716DD}"
EndProject
Project("{2150E333-8FDC-42A3-9474-1A3956D46DE8}") = "examples", "examples", "{1E1BD9CA-189A-45FD-8A36-A57C836C6BB6}"
EndProject
Project("{2150E333-8FDC-42A3-9474-1A3956D46DE8}") = "_items", "_items", "{7641ACDB-B2EB-417D-BAD2-B2DD78BA9539}"
	ProjectSection(SolutionItems) = preProject
		README.md = README.md
		LICENSE = LICENSE
		.gitignore = .gitignore
		.github\workflows\ci.yml = .github\workflows\ci.yml
		.github\workflows\cd.yml = .github\workflows\cd.yml
	EndProjectSection
EndProject
Project("{FAE04EC0-301F-11D3-BF4B-00C04F79EFBC}") = "EngineKit", "src\EngineKit\EngineKit.csproj", "{8E305337-228C-4930-B355-91F1E82C64C8}"
EndProject
Project("{FAE04EC0-301F-11D3-BF4B-00C04F79EFBC}") = "EngineKit.UnitTests", "src\EngineKit.UnitTests\EngineKit.UnitTests.csproj", "{253BF4F7-927A-44B6-9C3C-9B30D1430FF2}"
EndProject
Project("{FAE04EC0-301F-11D3-BF4B-00C04F79EFBC}") = "EngineKit.Assets", "src\EngineKit.Assets\EngineKit.Assets.csproj", "{9B6B4B19-B9D9-4F82-82B4-3DFD8CCCD249}"
EndProject
Project("{2150E333-8FDC-42A3-9474-1A3956D46DE8}") = "ComputeConvolution", "ComputeConvolution", "{7F49DA89-CC45-4D03-AC70-6D84A79AC134}"
EndProject
Project("{FAE04EC0-301F-11D3-BF4B-00C04F79EFBC}") = "ComputeConvolution.Assets", "examples\ComputeConvolution\ComputeConvolution.Assets\ComputeConvolution.Assets.csproj", "{B2CDF93A-7131-4D21-BDD6-2D9440857B2B}"
EndProject
Project("{FAE04EC0-301F-11D3-BF4B-00C04F79EFBC}") = "ComputeConvolution", "examples\ComputeConvolution\ComputeConvolution\ComputeConvolution.csproj", "{EF7B69DA-38E5-4E0D-AE29-5CF5AE21CCBA}"
EndProject
Project("{2150E333-8FDC-42A3-9474-1A3956D46DE8}") = "HelloWindow", "HelloWindow", "{3FD84567-E4E4-4A49-9FB9-A3B9CF6589A8}"
EndProject
Project("{FAE04EC0-301F-11D3-BF4B-00C04F79EFBC}") = "HelloWindow", "examples\HelloWindow\HelloWindow.csproj", "{7C472FF6-7E48-4875-A94F-EE1493C3B271}"
EndProject
Project("{2150E333-8FDC-42A3-9474-1A3956D46DE8}") = "ForwardRenderer", "ForwardRenderer", "{7DFB8F86-5431-4377-905D-23CE98B1ACD9}"
EndProject
Project("{FAE04EC0-301F-11D3-BF4B-00C04F79EFBC}") = "ForwardRenderer.Assets", "examples\ForwardRenderer\ForwardRenderer.Assets\ForwardRenderer.Assets.csproj", "{56DA32AC-4917-4588-9186-11B384B8569D}"
EndProject
Project("{FAE04EC0-301F-11D3-BF4B-00C04F79EFBC}") = "ForwardRenderer", "examples\ForwardRenderer\ForwardRenderer\ForwardRenderer.csproj", "{6AFD41B7-D7AD-42D5-A84E-2EF4E40CDAE4}"
EndProject
Global
	GlobalSection(SolutionConfigurationPlatforms) = preSolution
		Debug|Any CPU = Debug|Any CPU
		Release|Any CPU = Release|Any CPU
	EndGlobalSection
	GlobalSection(NestedProjects) = preSolution
		{8E305337-228C-4930-B355-91F1E82C64C8} = {08499CC9-E78A-4D33-AD83-EBF4825716DD}
		{253BF4F7-927A-44B6-9C3C-9B30D1430FF2} = {08499CC9-E78A-4D33-AD83-EBF4825716DD}
		{9B6B4B19-B9D9-4F82-82B4-3DFD8CCCD249} = {08499CC9-E78A-4D33-AD83-EBF4825716DD}
		{7F49DA89-CC45-4D03-AC70-6D84A79AC134} = {1E1BD9CA-189A-45FD-8A36-A57C836C6BB6}
		{B2CDF93A-7131-4D21-BDD6-2D9440857B2B} = {7F49DA89-CC45-4D03-AC70-6D84A79AC134}
		{EF7B69DA-38E5-4E0D-AE29-5CF5AE21CCBA} = {7F49DA89-CC45-4D03-AC70-6D84A79AC134}
		{3FD84567-E4E4-4A49-9FB9-A3B9CF6589A8} = {1E1BD9CA-189A-45FD-8A36-A57C836C6BB6}
		{7C472FF6-7E48-4875-A94F-EE1493C3B271} = {3FD84567-E4E4-4A49-9FB9-A3B9CF6589A8}
		{7DFB8F86-5431-4377-905D-23CE98B1ACD9} = {1E1BD9CA-189A-45FD-8A36-A57C836C6BB6}
		{56DA32AC-4917-4588-9186-11B384B8569D} = {7DFB8F86-5431-4377-905D-23CE98B1ACD9}
		{6AFD41B7-D7AD-42D5-A84E-2EF4E40CDAE4} = {7DFB8F86-5431-4377-905D-23CE98B1ACD9}
	EndGlobalSection
	GlobalSection(ProjectConfigurationPlatforms) = postSolution
		{8E305337-228C-4930-B355-91F1E82C64C8}.Debug|Any CPU.ActiveCfg = Debug|Any CPU
		{8E305337-228C-4930-B355-91F1E82C64C8}.Debug|Any CPU.Build.0 = Debug|Any CPU
		{8E305337-228C-4930-B355-91F1E82C64C8}.Release|Any CPU.ActiveCfg = Release|Any CPU
		{8E305337-228C-4930-B355-91F1E82C64C8}.Release|Any CPU.Build.0 = Release|Any CPU
		{253BF4F7-927A-44B6-9C3C-9B30D1430FF2}.Debug|Any CPU.ActiveCfg = Debug|Any CPU
		{253BF4F7-927A-44B6-9C3C-9B30D1430FF2}.Debug|Any CPU.Build.0 = Debug|Any CPU
		{253BF4F7-927A-44B6-9C3C-9B30D1430FF2}.Release|Any CPU.ActiveCfg = Release|Any CPU
		{253BF4F7-927A-44B6-9C3C-9B30D1430FF2}.Release|Any CPU.Build.0 = Release|Any CPU
		{9B6B4B19-B9D9-4F82-82B4-3DFD8CCCD249}.Debug|Any CPU.ActiveCfg = Debug|Any CPU
		{9B6B4B19-B9D9-4F82-82B4-3DFD8CCCD249}.Debug|Any CPU.Build.0 = Debug|Any CPU
		{9B6B4B19-B9D9-4F82-82B4-3DFD8CCCD249}.Release|Any CPU.ActiveCfg = Release|Any CPU
		{9B6B4B19-B9D9-4F82-82B4-3DFD8CCCD249}.Release|Any CPU.Build.0 = Release|Any CPU
		{B2CDF93A-7131-4D21-BDD6-2D9440857B2B}.Debug|Any CPU.ActiveCfg = Debug|Any CPU
		{B2CDF93A-7131-4D21-BDD6-2D9440857B2B}.Debug|Any CPU.Build.0 = Debug|Any CPU
		{B2CDF93A-7131-4D21-BDD6-2D9440857B2B}.Release|Any CPU.ActiveCfg = Release|Any CPU
		{B2CDF93A-7131-4D21-BDD6-2D9440857B2B}.Release|Any CPU.Build.0 = Release|Any CPU
		{EF7B69DA-38E5-4E0D-AE29-5CF5AE21CCBA}.Debug|Any CPU.ActiveCfg = Debug|Any CPU
		{EF7B69DA-38E5-4E0D-AE29-5CF5AE21CCBA}.Debug|Any CPU.Build.0 = Debug|Any CPU
		{EF7B69DA-38E5-4E0D-AE29-5CF5AE21CCBA}.Release|Any CPU.ActiveCfg = Release|Any CPU
		{EF7B69DA-38E5-4E0D-AE29-5CF5AE21CCBA}.Release|Any CPU.Build.0 = Release|Any CPU
		{7C472FF6-7E48-4875-A94F-EE1493C3B271}.Debug|Any CPU.ActiveCfg = Debug|Any CPU
		{7C472FF6-7E48-4875-A94F-EE1493C3B271}.Debug|Any CPU.Build.0 = Debug|Any CPU
		{7C472FF6-7E48-4875-A94F-EE1493C3B271}.Release|Any CPU.ActiveCfg = Release|Any CPU
		{7C472FF6-7E48-4875-A94F-EE1493C3B271}.Release|Any CPU.Build.0 = Release|Any CPU
		{56DA32AC-4917-4588-9186-11B384B8569D}.Debug|Any CPU.ActiveCfg = Debug|Any CPU
		{56DA32AC-4917-4588-9186-11B384B8569D}.Debug|Any CPU.Build.0 = Debug|Any CPU
		{56DA32AC-4917-4588-9186-11B384B8569D}.Release|Any CPU.ActiveCfg = Release|Any CPU
		{56DA32AC-4917-4588-9186-11B384B8569D}.Release|Any CPU.Build.0 = Release|Any CPU
		{6AFD41B7-D7AD-42D5-A84E-2EF4E40CDAE4}.Debug|Any CPU.ActiveCfg = Debug|Any CPU
		{6AFD41B7-D7AD-42D5-A84E-2EF4E40CDAE4}.Debug|Any CPU.Build.0 = Debug|Any CPU
		{6AFD41B7-D7AD-42D5-A84E-2EF4E40CDAE4}.Release|Any CPU.ActiveCfg = Release|Any CPU
		{6AFD41B7-D7AD-42D5-A84E-2EF4E40CDAE4}.Release|Any CPU.Build.0 = Release|Any CPU
	EndGlobalSection
EndGlobal
