
Microsoft Visual Studio Solution File, Format Version 12.00
Project("{2150E333-8FDC-42A3-9474-1A3956D46DE8}") = "src", "src", "{08499CC9-E78A-4D33-AD83-EBF4825716DD}"
EndProject
Project("{2150E333-8FDC-42A3-9474-1A3956D46DE8}") = "examples", "examples", "{1E1BD9CA-189A-45FD-8A36-A57C836C6BB6}"
EndProject
Project("{2150E333-8FDC-42A3-9474-1A3956D46DE8}") = "_items", "_items", "{7641ACDB-B2EB-417D-BAD2-B2DD78BA9539}"
	ProjectSection(SolutionItems) = preProject
		README.md = README.md
		LICENSE = LICENSE
		.gitignore = .gitignore
		.github\workflows\ci.yml = .github\workflows\ci.yml
		.github\workflows\cd.yml = .github\workflows\cd.yml
	EndProjectSection
EndProject
Project("{FAE04EC0-301F-11D3-BF4B-00C04F79EFBC}") = "EngineKit", "src\EngineKit\EngineKit.csproj", "{8E305337-228C-4930-B355-91F1E82C64C8}"
EndProject
Project("{FAE04EC0-301F-11D3-BF4B-00C04F79EFBC}") = "HelloWindow", "examples\HelloWindow\HelloWindow.csproj", "{A8E8F6A5-5178-426C-A257-715386F69F30}"
EndProject
Project("{FAE04EC0-301F-11D3-BF4B-00C04F79EFBC}") = "EngineKit.UnitTests", "src\EngineKit.UnitTests\EngineKit.UnitTests.csproj", "{253BF4F7-927A-44B6-9C3C-9B30D1430FF2}"
EndProject
Project("{FAE04EC0-301F-11D3-BF4B-00C04F79EFBC}") = "EngineKit.Assets", "src\EngineKit.Assets\EngineKit.Assets.csproj", "{9B6B4B19-B9D9-4F82-82B4-3DFD8CCCD249}"
EndProject
Project("{2150E333-8FDC-42A3-9474-1A3956D46DE8}") = "DeferredRendering", "DeferredRendering", "{7CC26A4D-CE94-4A7F-9273-74FDAA723EE4}"
EndProject
Project("{FAE04EC0-301F-11D3-BF4B-00C04F79EFBC}") = "DeferredRendering.Assets", "examples\DeferredRendering\DeferredRendering.Assets\DeferredRendering.Assets.csproj", "{DC6F5865-5475-4A62-BDA1-03F1C861B217}"
EndProject
Project("{FAE04EC0-301F-11D3-BF4B-00C04F79EFBC}") = "DeferredRendering", "examples\DeferredRendering\DeferredRendering\DeferredRendering.csproj", "{73ED2CEF-7599-4824-B3E2-4195787663EE}"
EndProject
Project("{2150E333-8FDC-42A3-9474-1A3956D46DE8}") = "Swapchain", "Swapchain", "{29F56725-43B2-43C5-8675-E4FF7DC9FD65}"
EndProject
Project("{FAE04EC0-301F-11D3-BF4B-00C04F79EFBC}") = "Swapchain.Assets", "examples\Swapchain\Swapchain.Assets\Swapchain.Assets.csproj", "{C8063C91-B683-4189-A221-DF9835F7049C}"
EndProject
Project("{FAE04EC0-301F-11D3-BF4B-00C04F79EFBC}") = "Swapchain", "examples\Swapchain\Swapchain\Swapchain.csproj", "{429972C0-ECDF-4E78-BA31-567732C86AFA}"
EndProject
Global
	GlobalSection(SolutionConfigurationPlatforms) = preSolution
		Debug|Any CPU = Debug|Any CPU
		Release|Any CPU = Release|Any CPU
	EndGlobalSection
	GlobalSection(NestedProjects) = preSolution
		{8E305337-228C-4930-B355-91F1E82C64C8} = {08499CC9-E78A-4D33-AD83-EBF4825716DD}
		{A8E8F6A5-5178-426C-A257-715386F69F30} = {1E1BD9CA-189A-45FD-8A36-A57C836C6BB6}
		{253BF4F7-927A-44B6-9C3C-9B30D1430FF2} = {08499CC9-E78A-4D33-AD83-EBF4825716DD}
		{9B6B4B19-B9D9-4F82-82B4-3DFD8CCCD249} = {08499CC9-E78A-4D33-AD83-EBF4825716DD}
		{7CC26A4D-CE94-4A7F-9273-74FDAA723EE4} = {1E1BD9CA-189A-45FD-8A36-A57C836C6BB6}
		{DC6F5865-5475-4A62-BDA1-03F1C861B217} = {7CC26A4D-CE94-4A7F-9273-74FDAA723EE4}
		{73ED2CEF-7599-4824-B3E2-4195787663EE} = {7CC26A4D-CE94-4A7F-9273-74FDAA723EE4}
		{29F56725-43B2-43C5-8675-E4FF7DC9FD65} = {1E1BD9CA-189A-45FD-8A36-A57C836C6BB6}
		{C8063C91-B683-4189-A221-DF9835F7049C} = {29F56725-43B2-43C5-8675-E4FF7DC9FD65}
		{429972C0-ECDF-4E78-BA31-567732C86AFA} = {29F56725-43B2-43C5-8675-E4FF7DC9FD65}
	EndGlobalSection
	GlobalSection(ProjectConfigurationPlatforms) = postSolution
		{8E305337-228C-4930-B355-91F1E82C64C8}.Debug|Any CPU.ActiveCfg = Debug|Any CPU
		{8E305337-228C-4930-B355-91F1E82C64C8}.Debug|Any CPU.Build.0 = Debug|Any CPU
		{8E305337-228C-4930-B355-91F1E82C64C8}.Release|Any CPU.ActiveCfg = Release|Any CPU
		{8E305337-228C-4930-B355-91F1E82C64C8}.Release|Any CPU.Build.0 = Release|Any CPU
		{A8E8F6A5-5178-426C-A257-715386F69F30}.Debug|Any CPU.ActiveCfg = Debug|Any CPU
		{A8E8F6A5-5178-426C-A257-715386F69F30}.Debug|Any CPU.Build.0 = Debug|Any CPU
		{A8E8F6A5-5178-426C-A257-715386F69F30}.Release|Any CPU.ActiveCfg = Release|Any CPU
		{A8E8F6A5-5178-426C-A257-715386F69F30}.Release|Any CPU.Build.0 = Release|Any CPU
		{253BF4F7-927A-44B6-9C3C-9B30D1430FF2}.Debug|Any CPU.ActiveCfg = Debug|Any CPU
		{253BF4F7-927A-44B6-9C3C-9B30D1430FF2}.Debug|Any CPU.Build.0 = Debug|Any CPU
		{253BF4F7-927A-44B6-9C3C-9B30D1430FF2}.Release|Any CPU.ActiveCfg = Release|Any CPU
		{253BF4F7-927A-44B6-9C3C-9B30D1430FF2}.Release|Any CPU.Build.0 = Release|Any CPU
		{9B6B4B19-B9D9-4F82-82B4-3DFD8CCCD249}.Debug|Any CPU.ActiveCfg = Debug|Any CPU
		{9B6B4B19-B9D9-4F82-82B4-3DFD8CCCD249}.Debug|Any CPU.Build.0 = Debug|Any CPU
		{9B6B4B19-B9D9-4F82-82B4-3DFD8CCCD249}.Release|Any CPU.ActiveCfg = Release|Any CPU
		{9B6B4B19-B9D9-4F82-82B4-3DFD8CCCD249}.Release|Any CPU.Build.0 = Release|Any CPU
		{DC6F5865-5475-4A62-BDA1-03F1C861B217}.Debug|Any CPU.ActiveCfg = Debug|Any CPU
		{DC6F5865-5475-4A62-BDA1-03F1C861B217}.Debug|Any CPU.Build.0 = Debug|Any CPU
		{DC6F5865-5475-4A62-BDA1-03F1C861B217}.Release|Any CPU.ActiveCfg = Release|Any CPU
		{DC6F5865-5475-4A62-BDA1-03F1C861B217}.Release|Any CPU.Build.0 = Release|Any CPU
		{73ED2CEF-7599-4824-B3E2-4195787663EE}.Debug|Any CPU.ActiveCfg = Debug|Any CPU
		{73ED2CEF-7599-4824-B3E2-4195787663EE}.Debug|Any CPU.Build.0 = Debug|Any CPU
		{73ED2CEF-7599-4824-B3E2-4195787663EE}.Release|Any CPU.ActiveCfg = Release|Any CPU
		{73ED2CEF-7599-4824-B3E2-4195787663EE}.Release|Any CPU.Build.0 = Release|Any CPU
		{C8063C91-B683-4189-A221-DF9835F7049C}.Debug|Any CPU.ActiveCfg = Debug|Any CPU
		{C8063C91-B683-4189-A221-DF9835F7049C}.Debug|Any CPU.Build.0 = Debug|Any CPU
		{C8063C91-B683-4189-A221-DF9835F7049C}.Release|Any CPU.ActiveCfg = Release|Any CPU
		{C8063C91-B683-4189-A221-DF9835F7049C}.Release|Any CPU.Build.0 = Release|Any CPU
		{429972C0-ECDF-4E78-BA31-567732C86AFA}.Debug|Any CPU.ActiveCfg = Debug|Any CPU
		{429972C0-ECDF-4E78-BA31-567732C86AFA}.Debug|Any CPU.Build.0 = Debug|Any CPU
		{429972C0-ECDF-4E78-BA31-567732C86AFA}.Release|Any CPU.ActiveCfg = Release|Any CPU
		{429972C0-ECDF-4E78-BA31-567732C86AFA}.Release|Any CPU.Build.0 = Release|Any CPU
	EndGlobalSection
EndGlobal
